
Microsoft Visual Studio Solution File, Format Version 12.00
# Visual Studio Version 16
VisualStudioVersion = 16.0.30621.155
MinimumVisualStudioVersion = 15.0.26124.0
Project("{FAE04EC0-301F-11D3-BF4B-00C04F79EFBC}") = "Spotcheckr.API", "Spotcheckr.API\Spotcheckr.API.csproj", "{285EEDB1-B2B0-4CA2-8D92-4A34FA0C58B8}"
EndProject
Project("{2150E333-8FDC-42A3-9474-1A3956D46DE8}") = "Solution Items", "Solution Items", "{C2779150-F721-4BC9-BE46-2B9FA9DA1E5A}"
	ProjectSection(SolutionItems) = preProject
		.editorconfig = .editorconfig
	EndProjectSection
EndProject
Project("{9A19103F-16F7-4668-BE54-9A1E7A4F7556}") = "Spotcheckr.API.UnitTests", "Spotcheckr.API.UnitTests\Spotcheckr.API.UnitTests.csproj", "{F5C33ABB-971A-48F0-8511-4A3503F04E4D}"
EndProject
Project("{9A19103F-16F7-4668-BE54-9A1E7A4F7556}") = "Spotcheckr.Domain", "Spotcheckr.Domain\Spotcheckr.Domain.csproj", "{E7697F87-0C56-4799-899C-FF03ECE33DA7}"
EndProject
Project("{9A19103F-16F7-4668-BE54-9A1E7A4F7556}") = "Spotcheckr.API.Data", "Spotcheckr.Data\Spotcheckr.API.Data.csproj", "{8BA97C5C-E30C-45E0-BD66-27217C810F3D}"
EndProject
Project("{FAE04EC0-301F-11D3-BF4B-00C04F79EFBC}") = "Spotcheckr.API.IntegrationTests", "Spotcheckr.API.IntegrationTests\Spotcheckr.API.IntegrationTests.csproj", "{253107A6-C526-47D4-834E-9BFB3FFA7176}"
EndProject
Project("{FAE04EC0-301F-11D3-BF4B-00C04F79EFBC}") = "Spotcheckr.API.Models", "Spotcheckr.Models\Spotcheckr.API.Models.csproj", "{016917A6-AB3F-46FE-91D1-CCEE60F5932C}"
EndProject
Project("{FAE04EC0-301F-11D3-BF4B-00C04F79EFBC}") = "Spotcheckr.API.Tests.Common", "Spotcheckr.API.Tests.Common\Spotcheckr.API.Tests.Common.csproj", "{74DE7EF3-6FD6-4F0F-879D-45A5BAB9449D}"
EndProject
Project("{FAE04EC0-301F-11D3-BF4B-00C04F79EFBC}") = "Spotcheckr.API.SnapshotTests", "Spotcheckr.API.SnapshotTests\Spotcheckr.API.SnapshotTests.csproj", "{C74B2A6B-3172-4512-98B6-281DDE998007}"
EndProject
Global
	GlobalSection(SolutionConfigurationPlatforms) = preSolution
		Debug|Any CPU = Debug|Any CPU
		Debug|x64 = Debug|x64
		Debug|x86 = Debug|x86
		Release|Any CPU = Release|Any CPU
		Release|x64 = Release|x64
		Release|x86 = Release|x86
	EndGlobalSection
	GlobalSection(ProjectConfigurationPlatforms) = postSolution
		{285EEDB1-B2B0-4CA2-8D92-4A34FA0C58B8}.Debug|Any CPU.ActiveCfg = Debug|Any CPU
		{285EEDB1-B2B0-4CA2-8D92-4A34FA0C58B8}.Debug|Any CPU.Build.0 = Debug|Any CPU
		{285EEDB1-B2B0-4CA2-8D92-4A34FA0C58B8}.Debug|x64.ActiveCfg = Debug|Any CPU
		{285EEDB1-B2B0-4CA2-8D92-4A34FA0C58B8}.Debug|x64.Build.0 = Debug|Any CPU
		{285EEDB1-B2B0-4CA2-8D92-4A34FA0C58B8}.Debug|x86.ActiveCfg = Debug|Any CPU
		{285EEDB1-B2B0-4CA2-8D92-4A34FA0C58B8}.Debug|x86.Build.0 = Debug|Any CPU
		{285EEDB1-B2B0-4CA2-8D92-4A34FA0C58B8}.Release|Any CPU.ActiveCfg = Release|Any CPU
		{285EEDB1-B2B0-4CA2-8D92-4A34FA0C58B8}.Release|Any CPU.Build.0 = Release|Any CPU
		{285EEDB1-B2B0-4CA2-8D92-4A34FA0C58B8}.Release|x64.ActiveCfg = Release|Any CPU
		{285EEDB1-B2B0-4CA2-8D92-4A34FA0C58B8}.Release|x64.Build.0 = Release|Any CPU
		{285EEDB1-B2B0-4CA2-8D92-4A34FA0C58B8}.Release|x86.ActiveCfg = Release|Any CPU
		{285EEDB1-B2B0-4CA2-8D92-4A34FA0C58B8}.Release|x86.Build.0 = Release|Any CPU
		{F5C33ABB-971A-48F0-8511-4A3503F04E4D}.Debug|Any CPU.ActiveCfg = Debug|Any CPU
		{F5C33ABB-971A-48F0-8511-4A3503F04E4D}.Debug|Any CPU.Build.0 = Debug|Any CPU
		{F5C33ABB-971A-48F0-8511-4A3503F04E4D}.Debug|x64.ActiveCfg = Debug|Any CPU
		{F5C33ABB-971A-48F0-8511-4A3503F04E4D}.Debug|x64.Build.0 = Debug|Any CPU
		{F5C33ABB-971A-48F0-8511-4A3503F04E4D}.Debug|x86.ActiveCfg = Debug|Any CPU
		{F5C33ABB-971A-48F0-8511-4A3503F04E4D}.Debug|x86.Build.0 = Debug|Any CPU
		{F5C33ABB-971A-48F0-8511-4A3503F04E4D}.Release|Any CPU.ActiveCfg = Release|Any CPU
		{F5C33ABB-971A-48F0-8511-4A3503F04E4D}.Release|Any CPU.Build.0 = Release|Any CPU
		{F5C33ABB-971A-48F0-8511-4A3503F04E4D}.Release|x64.ActiveCfg = Release|Any CPU
		{F5C33ABB-971A-48F0-8511-4A3503F04E4D}.Release|x64.Build.0 = Release|Any CPU
		{F5C33ABB-971A-48F0-8511-4A3503F04E4D}.Release|x86.ActiveCfg = Release|Any CPU
		{F5C33ABB-971A-48F0-8511-4A3503F04E4D}.Release|x86.Build.0 = Release|Any CPU
		{E7697F87-0C56-4799-899C-FF03ECE33DA7}.Debug|Any CPU.ActiveCfg = Debug|Any CPU
		{E7697F87-0C56-4799-899C-FF03ECE33DA7}.Debug|Any CPU.Build.0 = Debug|Any CPU
		{E7697F87-0C56-4799-899C-FF03ECE33DA7}.Debug|x64.ActiveCfg = Debug|Any CPU
		{E7697F87-0C56-4799-899C-FF03ECE33DA7}.Debug|x64.Build.0 = Debug|Any CPU
		{E7697F87-0C56-4799-899C-FF03ECE33DA7}.Debug|x86.ActiveCfg = Debug|Any CPU
		{E7697F87-0C56-4799-899C-FF03ECE33DA7}.Debug|x86.Build.0 = Debug|Any CPU
		{E7697F87-0C56-4799-899C-FF03ECE33DA7}.Release|Any CPU.ActiveCfg = Release|Any CPU
		{E7697F87-0C56-4799-899C-FF03ECE33DA7}.Release|Any CPU.Build.0 = Release|Any CPU
		{E7697F87-0C56-4799-899C-FF03ECE33DA7}.Release|x64.ActiveCfg = Release|Any CPU
		{E7697F87-0C56-4799-899C-FF03ECE33DA7}.Release|x64.Build.0 = Release|Any CPU
		{E7697F87-0C56-4799-899C-FF03ECE33DA7}.Release|x86.ActiveCfg = Release|Any CPU
		{E7697F87-0C56-4799-899C-FF03ECE33DA7}.Release|x86.Build.0 = Release|Any CPU
		{8BA97C5C-E30C-45E0-BD66-27217C810F3D}.Debug|Any CPU.ActiveCfg = Debug|Any CPU
		{8BA97C5C-E30C-45E0-BD66-27217C810F3D}.Debug|Any CPU.Build.0 = Debug|Any CPU
		{8BA97C5C-E30C-45E0-BD66-27217C810F3D}.Debug|x64.ActiveCfg = Debug|Any CPU
		{8BA97C5C-E30C-45E0-BD66-27217C810F3D}.Debug|x64.Build.0 = Debug|Any CPU
		{8BA97C5C-E30C-45E0-BD66-27217C810F3D}.Debug|x86.ActiveCfg = Debug|Any CPU
		{8BA97C5C-E30C-45E0-BD66-27217C810F3D}.Debug|x86.Build.0 = Debug|Any CPU
		{8BA97C5C-E30C-45E0-BD66-27217C810F3D}.Release|Any CPU.ActiveCfg = Release|Any CPU
		{8BA97C5C-E30C-45E0-BD66-27217C810F3D}.Release|Any CPU.Build.0 = Release|Any CPU
		{8BA97C5C-E30C-45E0-BD66-27217C810F3D}.Release|x64.ActiveCfg = Release|Any CPU
		{8BA97C5C-E30C-45E0-BD66-27217C810F3D}.Release|x64.Build.0 = Release|Any CPU
		{8BA97C5C-E30C-45E0-BD66-27217C810F3D}.Release|x86.ActiveCfg = Release|Any CPU
		{8BA97C5C-E30C-45E0-BD66-27217C810F3D}.Release|x86.Build.0 = Release|Any CPU
		{253107A6-C526-47D4-834E-9BFB3FFA7176}.Debug|Any CPU.ActiveCfg = Debug|Any CPU
		{253107A6-C526-47D4-834E-9BFB3FFA7176}.Debug|Any CPU.Build.0 = Debug|Any CPU
		{253107A6-C526-47D4-834E-9BFB3FFA7176}.Debug|x64.ActiveCfg = Debug|Any CPU
		{253107A6-C526-47D4-834E-9BFB3FFA7176}.Debug|x64.Build.0 = Debug|Any CPU
		{253107A6-C526-47D4-834E-9BFB3FFA7176}.Debug|x86.ActiveCfg = Debug|Any CPU
		{253107A6-C526-47D4-834E-9BFB3FFA7176}.Debug|x86.Build.0 = Debug|Any CPU
		{253107A6-C526-47D4-834E-9BFB3FFA7176}.Release|Any CPU.ActiveCfg = Release|Any CPU
		{253107A6-C526-47D4-834E-9BFB3FFA7176}.Release|Any CPU.Build.0 = Release|Any CPU
		{253107A6-C526-47D4-834E-9BFB3FFA7176}.Release|x64.ActiveCfg = Release|Any CPU
		{253107A6-C526-47D4-834E-9BFB3FFA7176}.Release|x64.Build.0 = Release|Any CPU
		{253107A6-C526-47D4-834E-9BFB3FFA7176}.Release|x86.ActiveCfg = Release|Any CPU
		{253107A6-C526-47D4-834E-9BFB3FFA7176}.Release|x86.Build.0 = Release|Any CPU
		{016917A6-AB3F-46FE-91D1-CCEE60F5932C}.Debug|Any CPU.ActiveCfg = Debug|Any CPU
		{016917A6-AB3F-46FE-91D1-CCEE60F5932C}.Debug|Any CPU.Build.0 = Debug|Any CPU
		{016917A6-AB3F-46FE-91D1-CCEE60F5932C}.Debug|x64.ActiveCfg = Debug|Any CPU
		{016917A6-AB3F-46FE-91D1-CCEE60F5932C}.Debug|x64.Build.0 = Debug|Any CPU
		{016917A6-AB3F-46FE-91D1-CCEE60F5932C}.Debug|x86.ActiveCfg = Debug|Any CPU
		{016917A6-AB3F-46FE-91D1-CCEE60F5932C}.Debug|x86.Build.0 = Debug|Any CPU
		{016917A6-AB3F-46FE-91D1-CCEE60F5932C}.Release|Any CPU.ActiveCfg = Release|Any CPU
		{016917A6-AB3F-46FE-91D1-CCEE60F5932C}.Release|Any CPU.Build.0 = Release|Any CPU
		{016917A6-AB3F-46FE-91D1-CCEE60F5932C}.Release|x64.ActiveCfg = Release|Any CPU
		{016917A6-AB3F-46FE-91D1-CCEE60F5932C}.Release|x64.Build.0 = Release|Any CPU
		{016917A6-AB3F-46FE-91D1-CCEE60F5932C}.Release|x86.ActiveCfg = Release|Any CPU
		{016917A6-AB3F-46FE-91D1-CCEE60F5932C}.Release|x86.Build.0 = Release|Any CPU
		{74DE7EF3-6FD6-4F0F-879D-45A5BAB9449D}.Debug|Any CPU.ActiveCfg = Debug|Any CPU
		{74DE7EF3-6FD6-4F0F-879D-45A5BAB9449D}.Debug|Any CPU.Build.0 = Debug|Any CPU
		{74DE7EF3-6FD6-4F0F-879D-45A5BAB9449D}.Debug|x64.ActiveCfg = Debug|Any CPU
		{74DE7EF3-6FD6-4F0F-879D-45A5BAB9449D}.Debug|x64.Build.0 = Debug|Any CPU
		{74DE7EF3-6FD6-4F0F-879D-45A5BAB9449D}.Debug|x86.ActiveCfg = Debug|Any CPU
		{74DE7EF3-6FD6-4F0F-879D-45A5BAB9449D}.Debug|x86.Build.0 = Debug|Any CPU
		{74DE7EF3-6FD6-4F0F-879D-45A5BAB9449D}.Release|Any CPU.ActiveCfg = Release|Any CPU
		{74DE7EF3-6FD6-4F0F-879D-45A5BAB9449D}.Release|Any CPU.Build.0 = Release|Any CPU
		{74DE7EF3-6FD6-4F0F-879D-45A5BAB9449D}.Release|x64.ActiveCfg = Release|Any CPU
		{74DE7EF3-6FD6-4F0F-879D-45A5BAB9449D}.Release|x64.Build.0 = Release|Any CPU
		{74DE7EF3-6FD6-4F0F-879D-45A5BAB9449D}.Release|x86.ActiveCfg = Release|Any CPU
		{74DE7EF3-6FD6-4F0F-879D-45A5BAB9449D}.Release|x86.Build.0 = Release|Any CPU
		{C74B2A6B-3172-4512-98B6-281DDE998007}.Debug|Any CPU.ActiveCfg = Debug|Any CPU
		{C74B2A6B-3172-4512-98B6-281DDE998007}.Debug|Any CPU.Build.0 = Debug|Any CPU
		{C74B2A6B-3172-4512-98B6-281DDE998007}.Debug|x64.ActiveCfg = Debug|Any CPU
		{C74B2A6B-3172-4512-98B6-281DDE998007}.Debug|x64.Build.0 = Debug|Any CPU
		{C74B2A6B-3172-4512-98B6-281DDE998007}.Debug|x86.ActiveCfg = Debug|Any CPU
		{C74B2A6B-3172-4512-98B6-281DDE998007}.Debug|x86.Build.0 = Debug|Any CPU
		{C74B2A6B-3172-4512-98B6-281DDE998007}.Release|Any CPU.ActiveCfg = Release|Any CPU
		{C74B2A6B-3172-4512-98B6-281DDE998007}.Release|Any CPU.Build.0 = Release|Any CPU
		{C74B2A6B-3172-4512-98B6-281DDE998007}.Release|x64.ActiveCfg = Release|Any CPU
		{C74B2A6B-3172-4512-98B6-281DDE998007}.Release|x64.Build.0 = Release|Any CPU
		{C74B2A6B-3172-4512-98B6-281DDE998007}.Release|x86.ActiveCfg = Release|Any CPU
		{C74B2A6B-3172-4512-98B6-281DDE998007}.Release|x86.Build.0 = Release|Any CPU
	EndGlobalSection
	GlobalSection(SolutionProperties) = preSolution
		HideSolutionNode = FALSE
	EndGlobalSection
	GlobalSection(ExtensibilityGlobals) = postSolution
		SolutionGuid = {AF751099-4812-4A8A-8E85-45FB3A441BB4}
	EndGlobalSection
EndGlobal
